// !$*UTF8*$!
{
	archiveVersion = 1;
	classes = {
	};
	objectVersion = 56;
	objects = {

/* Begin PBXBuildFile section */
		A2168D322A893AAB00F59F40 /* ComposableArchitecture in Frameworks */ = {isa = PBXBuildFile; productRef = A2168D312A893AAB00F59F40 /* ComposableArchitecture */; };
		A2168D352A893F2F00F59F40 /* TCAExample.swift in Sources */ = {isa = PBXBuildFile; fileRef = A2168D342A893F2F00F59F40 /* TCAExample.swift */; };
		A243D1DD2A8BEBE300C18A5F /* String+Extension.swift in Sources */ = {isa = PBXBuildFile; fileRef = A243D1DC2A8BEBE300C18A5F /* String+Extension.swift */; };
		A25B20452A49EE3200152584 /* AppDelegate.swift in Sources */ = {isa = PBXBuildFile; fileRef = A25B20442A49EE3200152584 /* AppDelegate.swift */; };
		A25B20472A49EE3200152584 /* SceneDelegate.swift in Sources */ = {isa = PBXBuildFile; fileRef = A25B20462A49EE3200152584 /* SceneDelegate.swift */; };
		A25B204E2A49EE3400152584 /* Assets.xcassets in Resources */ = {isa = PBXBuildFile; fileRef = A25B204D2A49EE3400152584 /* Assets.xcassets */; };
		A25B20512A49EE3400152584 /* LaunchScreen.storyboard in Resources */ = {isa = PBXBuildFile; fileRef = A25B204F2A49EE3400152584 /* LaunchScreen.storyboard */; };
		A25B205C2A49EE3400152584 /* CurrencyConverterTests.swift in Sources */ = {isa = PBXBuildFile; fileRef = A25B205B2A49EE3400152584 /* CurrencyConverterTests.swift */; };
		A25B20662A49EE3400152584 /* CurrencyConverterUITests.swift in Sources */ = {isa = PBXBuildFile; fileRef = A25B20652A49EE3400152584 /* CurrencyConverterUITests.swift */; };
		A25B20682A49EE3400152584 /* CurrencyConverterUITestsLaunchTests.swift in Sources */ = {isa = PBXBuildFile; fileRef = A25B20672A49EE3400152584 /* CurrencyConverterUITestsLaunchTests.swift */; };
		A25B20792A49EF9300152584 /* CurrencyViewModel.swift in Sources */ = {isa = PBXBuildFile; fileRef = A25B20782A49EF9300152584 /* CurrencyViewModel.swift */; };
		A25B207B2A49F28900152584 /* CurrencyViewController.swift in Sources */ = {isa = PBXBuildFile; fileRef = A25B207A2A49F28900152584 /* CurrencyViewController.swift */; };
		A25B207D2A49F2A400152584 /* CurrencyCell.swift in Sources */ = {isa = PBXBuildFile; fileRef = A25B207C2A49F2A400152584 /* CurrencyCell.swift */; };
		A25B207F2A49F2B500152584 /* Currency.swift in Sources */ = {isa = PBXBuildFile; fileRef = A25B207E2A49F2B500152584 /* Currency.swift */; };
		A25B20832A4A124100152584 /* CurrencyView.swift in Sources */ = {isa = PBXBuildFile; fileRef = A25B20822A4A124100152584 /* CurrencyView.swift */; };
		A26CC0F62A854E19003FC29F /* CurrencySwiftUIView.swift in Sources */ = {isa = PBXBuildFile; fileRef = A26CC0F52A854E19003FC29F /* CurrencySwiftUIView.swift */; };
		A26CC0F82A854E8A003FC29F /* CurrencyListView.swift in Sources */ = {isa = PBXBuildFile; fileRef = A26CC0F72A854E8A003FC29F /* CurrencyListView.swift */; };
		A26CC0FA2A854EB8003FC29F /* CurrencyRowView.swift in Sources */ = {isa = PBXBuildFile; fileRef = A26CC0F92A854EB8003FC29F /* CurrencyRowView.swift */; };
		A26CC0FC2A8550AB003FC29F /* CurrencySwiftUIViewController.swift in Sources */ = {isa = PBXBuildFile; fileRef = A26CC0FB2A8550AB003FC29F /* CurrencySwiftUIViewController.swift */; };
		A283D07B2A75024C006C5EAE /* UIView+Extension.swift in Sources */ = {isa = PBXBuildFile; fileRef = A283D07A2A75024C006C5EAE /* UIView+Extension.swift */; };
		A2B44C2E2A82C2E000679367 /* DropdownTableViewCell.swift in Sources */ = {isa = PBXBuildFile; fileRef = A2B44C2D2A82C2E000679367 /* DropdownTableViewCell.swift */; };
		A2B44C302A82C68600679367 /* DropDownView.swift in Sources */ = {isa = PBXBuildFile; fileRef = A2B44C2F2A82C68600679367 /* DropDownView.swift */; };
		A2D511A22A4CA64200A9549C /* RequestService.swift in Sources */ = {isa = PBXBuildFile; fileRef = A2D511A12A4CA64200A9549C /* RequestService.swift */; };
/* End PBXBuildFile section */

/* Begin PBXContainerItemProxy section */
		A25B20582A49EE3400152584 /* PBXContainerItemProxy */ = {
			isa = PBXContainerItemProxy;
			containerPortal = A25B20392A49EE3200152584 /* Project object */;
			proxyType = 1;
			remoteGlobalIDString = A25B20402A49EE3200152584;
			remoteInfo = CurrencyConverter;
		};
		A25B20622A49EE3400152584 /* PBXContainerItemProxy */ = {
			isa = PBXContainerItemProxy;
			containerPortal = A25B20392A49EE3200152584 /* Project object */;
			proxyType = 1;
			remoteGlobalIDString = A25B20402A49EE3200152584;
			remoteInfo = CurrencyConverter;
		};
/* End PBXContainerItemProxy section */

/* Begin PBXFileReference section */
		A2168D2F2A89344D00F59F40 /* Notes.playground */ = {isa = PBXFileReference; lastKnownFileType = file.playground; name = Notes.playground; path = CurrencyConverter/Notes.playground; sourceTree = SOURCE_ROOT; xcLanguageSpecificationIdentifier = xcode.lang.swift; };
		A2168D342A893F2F00F59F40 /* TCAExample.swift */ = {isa = PBXFileReference; lastKnownFileType = sourcecode.swift; path = TCAExample.swift; sourceTree = "<group>"; };
		A243D1DC2A8BEBE300C18A5F /* String+Extension.swift */ = {isa = PBXFileReference; lastKnownFileType = sourcecode.swift; path = "String+Extension.swift"; sourceTree = "<group>"; };
		A25B20412A49EE3200152584 /* CurrencyConverter.app */ = {isa = PBXFileReference; explicitFileType = wrapper.application; includeInIndex = 0; path = CurrencyConverter.app; sourceTree = BUILT_PRODUCTS_DIR; };
		A25B20442A49EE3200152584 /* AppDelegate.swift */ = {isa = PBXFileReference; lastKnownFileType = sourcecode.swift; path = AppDelegate.swift; sourceTree = "<group>"; };
		A25B20462A49EE3200152584 /* SceneDelegate.swift */ = {isa = PBXFileReference; lastKnownFileType = sourcecode.swift; path = SceneDelegate.swift; sourceTree = "<group>"; };
		A25B204D2A49EE3400152584 /* Assets.xcassets */ = {isa = PBXFileReference; lastKnownFileType = folder.assetcatalog; path = Assets.xcassets; sourceTree = "<group>"; };
		A25B20502A49EE3400152584 /* Base */ = {isa = PBXFileReference; lastKnownFileType = file.storyboard; name = Base; path = Base.lproj/LaunchScreen.storyboard; sourceTree = "<group>"; };
		A25B20522A49EE3400152584 /* Info.plist */ = {isa = PBXFileReference; lastKnownFileType = text.plist.xml; path = Info.plist; sourceTree = "<group>"; };
		A25B20572A49EE3400152584 /* CurrencyConverterTests.xctest */ = {isa = PBXFileReference; explicitFileType = wrapper.cfbundle; includeInIndex = 0; path = CurrencyConverterTests.xctest; sourceTree = BUILT_PRODUCTS_DIR; };
		A25B205B2A49EE3400152584 /* CurrencyConverterTests.swift */ = {isa = PBXFileReference; lastKnownFileType = sourcecode.swift; path = CurrencyConverterTests.swift; sourceTree = "<group>"; };
		A25B20612A49EE3400152584 /* CurrencyConverterUITests.xctest */ = {isa = PBXFileReference; explicitFileType = wrapper.cfbundle; includeInIndex = 0; path = CurrencyConverterUITests.xctest; sourceTree = BUILT_PRODUCTS_DIR; };
		A25B20652A49EE3400152584 /* CurrencyConverterUITests.swift */ = {isa = PBXFileReference; lastKnownFileType = sourcecode.swift; path = CurrencyConverterUITests.swift; sourceTree = "<group>"; };
		A25B20672A49EE3400152584 /* CurrencyConverterUITestsLaunchTests.swift */ = {isa = PBXFileReference; lastKnownFileType = sourcecode.swift; path = CurrencyConverterUITestsLaunchTests.swift; sourceTree = "<group>"; };
		A25B20782A49EF9300152584 /* CurrencyViewModel.swift */ = {isa = PBXFileReference; lastKnownFileType = sourcecode.swift; path = CurrencyViewModel.swift; sourceTree = "<group>"; };
		A25B207A2A49F28900152584 /* CurrencyViewController.swift */ = {isa = PBXFileReference; lastKnownFileType = sourcecode.swift; path = CurrencyViewController.swift; sourceTree = "<group>"; };
		A25B207C2A49F2A400152584 /* CurrencyCell.swift */ = {isa = PBXFileReference; lastKnownFileType = sourcecode.swift; path = CurrencyCell.swift; sourceTree = "<group>"; };
		A25B207E2A49F2B500152584 /* Currency.swift */ = {isa = PBXFileReference; lastKnownFileType = sourcecode.swift; path = Currency.swift; sourceTree = "<group>"; };
		A25B20822A4A124100152584 /* CurrencyView.swift */ = {isa = PBXFileReference; lastKnownFileType = sourcecode.swift; path = CurrencyView.swift; sourceTree = "<group>"; };
		A26CC0F52A854E19003FC29F /* CurrencySwiftUIView.swift */ = {isa = PBXFileReference; lastKnownFileType = sourcecode.swift; path = CurrencySwiftUIView.swift; sourceTree = "<group>"; };
		A26CC0F72A854E8A003FC29F /* CurrencyListView.swift */ = {isa = PBXFileReference; lastKnownFileType = sourcecode.swift; path = CurrencyListView.swift; sourceTree = "<group>"; };
		A26CC0F92A854EB8003FC29F /* CurrencyRowView.swift */ = {isa = PBXFileReference; lastKnownFileType = sourcecode.swift; path = CurrencyRowView.swift; sourceTree = "<group>"; };
		A26CC0FB2A8550AB003FC29F /* CurrencySwiftUIViewController.swift */ = {isa = PBXFileReference; lastKnownFileType = sourcecode.swift; path = CurrencySwiftUIViewController.swift; sourceTree = "<group>"; };
		A283D07A2A75024C006C5EAE /* UIView+Extension.swift */ = {isa = PBXFileReference; lastKnownFileType = sourcecode.swift; path = "UIView+Extension.swift"; sourceTree = "<group>"; };
		A2B44C2D2A82C2E000679367 /* DropdownTableViewCell.swift */ = {isa = PBXFileReference; lastKnownFileType = sourcecode.swift; path = DropdownTableViewCell.swift; sourceTree = "<group>"; };
		A2B44C2F2A82C68600679367 /* DropDownView.swift */ = {isa = PBXFileReference; lastKnownFileType = sourcecode.swift; path = DropDownView.swift; sourceTree = "<group>"; };
		A2D511A12A4CA64200A9549C /* RequestService.swift */ = {isa = PBXFileReference; lastKnownFileType = sourcecode.swift; path = RequestService.swift; sourceTree = "<group>"; };
/* End PBXFileReference section */

/* Begin PBXFrameworksBuildPhase section */
		A25B203E2A49EE3200152584 /* Frameworks */ = {
			isa = PBXFrameworksBuildPhase;
			buildActionMask = 2147483647;
			files = (
				A2168D322A893AAB00F59F40 /* ComposableArchitecture in Frameworks */,
			);
			runOnlyForDeploymentPostprocessing = 0;
		};
		A25B20542A49EE3400152584 /* Frameworks */ = {
			isa = PBXFrameworksBuildPhase;
			buildActionMask = 2147483647;
			files = (
			);
			runOnlyForDeploymentPostprocessing = 0;
		};
		A25B205E2A49EE3400152584 /* Frameworks */ = {
			isa = PBXFrameworksBuildPhase;
			buildActionMask = 2147483647;
			files = (
			);
			runOnlyForDeploymentPostprocessing = 0;
		};
/* End PBXFrameworksBuildPhase section */

/* Begin PBXGroup section */
		A2168D332A893E2F00F59F40 /* TCA */ = {
			isa = PBXGroup;
			children = (
				A2168D342A893F2F00F59F40 /* TCAExample.swift */,
			);
			path = TCA;
			sourceTree = "<group>";
		};
		A25B20382A49EE3200152584 = {
			isa = PBXGroup;
			children = (
				A25B20432A49EE3200152584 /* CurrencyConverter */,
				A25B205A2A49EE3400152584 /* CurrencyConverterTests */,
				A25B20642A49EE3400152584 /* CurrencyConverterUITests */,
				A25B20422A49EE3200152584 /* Products */,
			);
			sourceTree = "<group>";
		};
		A25B20422A49EE3200152584 /* Products */ = {
			isa = PBXGroup;
			children = (
				A25B20412A49EE3200152584 /* CurrencyConverter.app */,
				A25B20572A49EE3400152584 /* CurrencyConverterTests.xctest */,
				A25B20612A49EE3400152584 /* CurrencyConverterUITests.xctest */,
			);
			name = Products;
			sourceTree = "<group>";
		};
		A25B20432A49EE3200152584 /* CurrencyConverter */ = {
			isa = PBXGroup;
			children = (
				A2168D332A893E2F00F59F40 /* TCA */,
				A2168D2F2A89344D00F59F40 /* Notes.playground */,
				A26CC0F42A854DFC003FC29F /* SwiftUIComponents */,
				A283D0782A750212006C5EAE /* Extension */,
				A2D511A02A4CA63200A9549C /* Services */,
				A25B20772A49EF7C00152584 /* ViewModel */,
				A25B20762A49EF7400152584 /* Controller */,
				A25B20752A49EF6E00152584 /* Views */,
				A25B20742A49EF6400152584 /* Model */,
				A25B20442A49EE3200152584 /* AppDelegate.swift */,
				A25B20462A49EE3200152584 /* SceneDelegate.swift */,
				A25B204D2A49EE3400152584 /* Assets.xcassets */,
				A25B204F2A49EE3400152584 /* LaunchScreen.storyboard */,
				A25B20522A49EE3400152584 /* Info.plist */,
			);
			path = CurrencyConverter;
			sourceTree = "<group>";
		};
		A25B205A2A49EE3400152584 /* CurrencyConverterTests */ = {
			isa = PBXGroup;
			children = (
				A25B205B2A49EE3400152584 /* CurrencyConverterTests.swift */,
			);
			path = CurrencyConverterTests;
			sourceTree = "<group>";
		};
		A25B20642A49EE3400152584 /* CurrencyConverterUITests */ = {
			isa = PBXGroup;
			children = (
				A25B20652A49EE3400152584 /* CurrencyConverterUITests.swift */,
				A25B20672A49EE3400152584 /* CurrencyConverterUITestsLaunchTests.swift */,
			);
			path = CurrencyConverterUITests;
			sourceTree = "<group>";
		};
		A25B20742A49EF6400152584 /* Model */ = {
			isa = PBXGroup;
			children = (
				A25B207E2A49F2B500152584 /* Currency.swift */,
			);
			path = Model;
			sourceTree = "<group>";
		};
		A25B20752A49EF6E00152584 /* Views */ = {
			isa = PBXGroup;
			children = (
				A25B207C2A49F2A400152584 /* CurrencyCell.swift */,
				A25B20822A4A124100152584 /* CurrencyView.swift */,
				A2B44C2D2A82C2E000679367 /* DropdownTableViewCell.swift */,
				A2B44C2F2A82C68600679367 /* DropDownView.swift */,
			);
			path = Views;
			sourceTree = "<group>";
		};
		A25B20762A49EF7400152584 /* Controller */ = {
			isa = PBXGroup;
			children = (
				A25B207A2A49F28900152584 /* CurrencyViewController.swift */,
				A26CC0FB2A8550AB003FC29F /* CurrencySwiftUIViewController.swift */,
			);
			path = Controller;
			sourceTree = "<group>";
		};
		A25B20772A49EF7C00152584 /* ViewModel */ = {
			isa = PBXGroup;
			children = (
				A25B20782A49EF9300152584 /* CurrencyViewModel.swift */,
			);
			path = ViewModel;
			sourceTree = "<group>";
		};
		A26CC0F42A854DFC003FC29F /* SwiftUIComponents */ = {
			isa = PBXGroup;
			children = (
				A26CC0F52A854E19003FC29F /* CurrencySwiftUIView.swift */,
				A26CC0F72A854E8A003FC29F /* CurrencyListView.swift */,
				A26CC0F92A854EB8003FC29F /* CurrencyRowView.swift */,
			);
			path = SwiftUIComponents;
			sourceTree = "<group>";
		};
		A283D0782A750212006C5EAE /* Extension */ = {
			isa = PBXGroup;
			children = (
				A283D07A2A75024C006C5EAE /* UIView+Extension.swift */,
				A243D1DC2A8BEBE300C18A5F /* String+Extension.swift */,
			);
			path = Extension;
			sourceTree = "<group>";
		};
		A2D511A02A4CA63200A9549C /* Services */ = {
			isa = PBXGroup;
			children = (
				A2D511A12A4CA64200A9549C /* RequestService.swift */,
			);
			path = Services;
			sourceTree = "<group>";
		};
/* End PBXGroup section */

/* Begin PBXNativeTarget section */
		A25B20402A49EE3200152584 /* CurrencyConverter */ = {
			isa = PBXNativeTarget;
			buildConfigurationList = A25B206B2A49EE3400152584 /* Build configuration list for PBXNativeTarget "CurrencyConverter" */;
			buildPhases = (
				A25B203D2A49EE3200152584 /* Sources */,
				A25B203E2A49EE3200152584 /* Frameworks */,
				A25B203F2A49EE3200152584 /* Resources */,
				A2D83E512A68278A00CD6F11 /* ShellScript */,
			);
			buildRules = (
			);
			dependencies = (
			);
			name = CurrencyConverter;
			packageProductDependencies = (
				A2168D312A893AAB00F59F40 /* ComposableArchitecture */,
			);
			productName = CurrencyConverter;
			productReference = A25B20412A49EE3200152584 /* CurrencyConverter.app */;
			productType = "com.apple.product-type.application";
		};
		A25B20562A49EE3400152584 /* CurrencyConverterTests */ = {
			isa = PBXNativeTarget;
			buildConfigurationList = A25B206E2A49EE3400152584 /* Build configuration list for PBXNativeTarget "CurrencyConverterTests" */;
			buildPhases = (
				A25B20532A49EE3400152584 /* Sources */,
				A25B20542A49EE3400152584 /* Frameworks */,
				A25B20552A49EE3400152584 /* Resources */,
			);
			buildRules = (
			);
			dependencies = (
				A25B20592A49EE3400152584 /* PBXTargetDependency */,
			);
			name = CurrencyConverterTests;
			productName = CurrencyConverterTests;
			productReference = A25B20572A49EE3400152584 /* CurrencyConverterTests.xctest */;
			productType = "com.apple.product-type.bundle.unit-test";
		};
		A25B20602A49EE3400152584 /* CurrencyConverterUITests */ = {
			isa = PBXNativeTarget;
			buildConfigurationList = A25B20712A49EE3400152584 /* Build configuration list for PBXNativeTarget "CurrencyConverterUITests" */;
			buildPhases = (
				A25B205D2A49EE3400152584 /* Sources */,
				A25B205E2A49EE3400152584 /* Frameworks */,
				A25B205F2A49EE3400152584 /* Resources */,
			);
			buildRules = (
			);
			dependencies = (
				A25B20632A49EE3400152584 /* PBXTargetDependency */,
			);
			name = CurrencyConverterUITests;
			productName = CurrencyConverterUITests;
			productReference = A25B20612A49EE3400152584 /* CurrencyConverterUITests.xctest */;
			productType = "com.apple.product-type.bundle.ui-testing";
		};
/* End PBXNativeTarget section */

/* Begin PBXProject section */
		A25B20392A49EE3200152584 /* Project object */ = {
			isa = PBXProject;
			attributes = {
				BuildIndependentTargetsInParallel = 1;
				LastSwiftUpdateCheck = 1430;
				LastUpgradeCheck = 1430;
				TargetAttributes = {
					A25B20402A49EE3200152584 = {
						CreatedOnToolsVersion = 14.3.1;
					};
					A25B20562A49EE3400152584 = {
						CreatedOnToolsVersion = 14.3.1;
						TestTargetID = A25B20402A49EE3200152584;
					};
					A25B20602A49EE3400152584 = {
						CreatedOnToolsVersion = 14.3.1;
						TestTargetID = A25B20402A49EE3200152584;
					};
				};
			};
			buildConfigurationList = A25B203C2A49EE3200152584 /* Build configuration list for PBXProject "CurrencyConverter" */;
			compatibilityVersion = "Xcode 14.0";
			developmentRegion = en;
			hasScannedForEncodings = 0;
			knownRegions = (
				en,
				Base,
			);
			mainGroup = A25B20382A49EE3200152584;
			packageReferences = (
				A2168D302A893AAB00F59F40 /* XCRemoteSwiftPackageReference "swift-composable-architecture" */,
			);
			productRefGroup = A25B20422A49EE3200152584 /* Products */;
			projectDirPath = "";
			projectRoot = "";
			targets = (
				A25B20402A49EE3200152584 /* CurrencyConverter */,
				A25B20562A49EE3400152584 /* CurrencyConverterTests */,
				A25B20602A49EE3400152584 /* CurrencyConverterUITests */,
			);
		};
/* End PBXProject section */

/* Begin PBXResourcesBuildPhase section */
		A25B203F2A49EE3200152584 /* Resources */ = {
			isa = PBXResourcesBuildPhase;
			buildActionMask = 2147483647;
			files = (
				A25B20512A49EE3400152584 /* LaunchScreen.storyboard in Resources */,
				A25B204E2A49EE3400152584 /* Assets.xcassets in Resources */,
			);
			runOnlyForDeploymentPostprocessing = 0;
		};
		A25B20552A49EE3400152584 /* Resources */ = {
			isa = PBXResourcesBuildPhase;
			buildActionMask = 2147483647;
			files = (
			);
			runOnlyForDeploymentPostprocessing = 0;
		};
		A25B205F2A49EE3400152584 /* Resources */ = {
			isa = PBXResourcesBuildPhase;
			buildActionMask = 2147483647;
			files = (
			);
			runOnlyForDeploymentPostprocessing = 0;
		};
/* End PBXResourcesBuildPhase section */

/* Begin PBXShellScriptBuildPhase section */
		A2D83E512A68278A00CD6F11 /* ShellScript */ = {
			isa = PBXShellScriptBuildPhase;
			alwaysOutOfDate = 1;
			buildActionMask = 2147483647;
			files = (
			);
			inputFileListPaths = (
			);
			inputPaths = (
			);
			outputFileListPaths = (
			);
			outputPaths = (
			);
			runOnlyForDeploymentPostprocessing = 0;
			shellPath = /bin/sh;
			shellScript = "if which swiftlint >/dev/null; then\n  swiftlint\nelse\n  echo \"warning: SwiftLint not installed, download from https://github.com/realm/SwiftLint\"\nfi\n";
		};
/* End PBXShellScriptBuildPhase section */

/* Begin PBXSourcesBuildPhase section */
		A25B203D2A49EE3200152584 /* Sources */ = {
			isa = PBXSourcesBuildPhase;
			buildActionMask = 2147483647;
			files = (
				A26CC0FA2A854EB8003FC29F /* CurrencyRowView.swift in Sources */,
				A2B44C302A82C68600679367 /* DropDownView.swift in Sources */,
				A25B20792A49EF9300152584 /* CurrencyViewModel.swift in Sources */,
				A25B20452A49EE3200152584 /* AppDelegate.swift in Sources */,
				A26CC0FC2A8550AB003FC29F /* CurrencySwiftUIViewController.swift in Sources */,
				A2D511A22A4CA64200A9549C /* RequestService.swift in Sources */,
				A283D07B2A75024C006C5EAE /* UIView+Extension.swift in Sources */,
				A26CC0F62A854E19003FC29F /* CurrencySwiftUIView.swift in Sources */,
				A243D1DD2A8BEBE300C18A5F /* String+Extension.swift in Sources */,
				A25B20832A4A124100152584 /* CurrencyView.swift in Sources */,
				A25B20472A49EE3200152584 /* SceneDelegate.swift in Sources */,
				A25B207D2A49F2A400152584 /* CurrencyCell.swift in Sources */,
				A25B207F2A49F2B500152584 /* Currency.swift in Sources */,
				A2B44C2E2A82C2E000679367 /* DropdownTableViewCell.swift in Sources */,
				A26CC0F82A854E8A003FC29F /* CurrencyListView.swift in Sources */,
				A25B207B2A49F28900152584 /* CurrencyViewController.swift in Sources */,
				A2168D352A893F2F00F59F40 /* TCAExample.swift in Sources */,
			);
			runOnlyForDeploymentPostprocessing = 0;
		};
		A25B20532A49EE3400152584 /* Sources */ = {
			isa = PBXSourcesBuildPhase;
			buildActionMask = 2147483647;
			files = (
				A25B205C2A49EE3400152584 /* CurrencyConverterTests.swift in Sources */,
			);
			runOnlyForDeploymentPostprocessing = 0;
		};
		A25B205D2A49EE3400152584 /* Sources */ = {
			isa = PBXSourcesBuildPhase;
			buildActionMask = 2147483647;
			files = (
				A25B20682A49EE3400152584 /* CurrencyConverterUITestsLaunchTests.swift in Sources */,
				A25B20662A49EE3400152584 /* CurrencyConverterUITests.swift in Sources */,
			);
			runOnlyForDeploymentPostprocessing = 0;
		};
/* End PBXSourcesBuildPhase section */

/* Begin PBXTargetDependency section */
		A25B20592A49EE3400152584 /* PBXTargetDependency */ = {
			isa = PBXTargetDependency;
			target = A25B20402A49EE3200152584 /* CurrencyConverter */;
			targetProxy = A25B20582A49EE3400152584 /* PBXContainerItemProxy */;
		};
		A25B20632A49EE3400152584 /* PBXTargetDependency */ = {
			isa = PBXTargetDependency;
			target = A25B20402A49EE3200152584 /* CurrencyConverter */;
			targetProxy = A25B20622A49EE3400152584 /* PBXContainerItemProxy */;
		};
/* End PBXTargetDependency section */

/* Begin PBXVariantGroup section */
		A25B204F2A49EE3400152584 /* LaunchScreen.storyboard */ = {
			isa = PBXVariantGroup;
			children = (
				A25B20502A49EE3400152584 /* Base */,
			);
			name = LaunchScreen.storyboard;
			sourceTree = "<group>";
		};
/* End PBXVariantGroup section */

/* Begin XCBuildConfiguration section */
		A25B20692A49EE3400152584 /* Debug */ = {
			isa = XCBuildConfiguration;
			buildSettings = {
				ALWAYS_SEARCH_USER_PATHS = NO;
				CLANG_ANALYZER_NONNULL = YES;
				CLANG_ANALYZER_NUMBER_OBJECT_CONVERSION = YES_AGGRESSIVE;
				CLANG_CXX_LANGUAGE_STANDARD = "gnu++20";
				CLANG_ENABLE_MODULES = YES;
				CLANG_ENABLE_OBJC_ARC = YES;
				CLANG_ENABLE_OBJC_WEAK = YES;
				CLANG_WARN_BLOCK_CAPTURE_AUTORELEASING = YES;
				CLANG_WARN_BOOL_CONVERSION = YES;
				CLANG_WARN_COMMA = YES;
				CLANG_WARN_CONSTANT_CONVERSION = YES;
				CLANG_WARN_DEPRECATED_OBJC_IMPLEMENTATIONS = YES;
				CLANG_WARN_DIRECT_OBJC_ISA_USAGE = YES_ERROR;
				CLANG_WARN_DOCUMENTATION_COMMENTS = YES;
				CLANG_WARN_EMPTY_BODY = YES;
				CLANG_WARN_ENUM_CONVERSION = YES;
				CLANG_WARN_INFINITE_RECURSION = YES;
				CLANG_WARN_INT_CONVERSION = YES;
				CLANG_WARN_NON_LITERAL_NULL_CONVERSION = YES;
				CLANG_WARN_OBJC_IMPLICIT_RETAIN_SELF = YES;
				CLANG_WARN_OBJC_LITERAL_CONVERSION = YES;
				CLANG_WARN_OBJC_ROOT_CLASS = YES_ERROR;
				CLANG_WARN_QUOTED_INCLUDE_IN_FRAMEWORK_HEADER = YES;
				CLANG_WARN_RANGE_LOOP_ANALYSIS = YES;
				CLANG_WARN_STRICT_PROTOTYPES = YES;
				CLANG_WARN_SUSPICIOUS_MOVE = YES;
				CLANG_WARN_UNGUARDED_AVAILABILITY = YES_AGGRESSIVE;
				CLANG_WARN_UNREACHABLE_CODE = YES;
				CLANG_WARN__DUPLICATE_METHOD_MATCH = YES;
				COPY_PHASE_STRIP = NO;
				DEBUG_INFORMATION_FORMAT = dwarf;
				ENABLE_STRICT_OBJC_MSGSEND = YES;
				ENABLE_TESTABILITY = YES;
				GCC_C_LANGUAGE_STANDARD = gnu11;
				GCC_DYNAMIC_NO_PIC = NO;
				GCC_NO_COMMON_BLOCKS = YES;
				GCC_OPTIMIZATION_LEVEL = 0;
				GCC_PREPROCESSOR_DEFINITIONS = (
					"DEBUG=1",
					"$(inherited)",
				);
				GCC_WARN_64_TO_32_BIT_CONVERSION = YES;
				GCC_WARN_ABOUT_RETURN_TYPE = YES_ERROR;
				GCC_WARN_UNDECLARED_SELECTOR = YES;
				GCC_WARN_UNINITIALIZED_AUTOS = YES_AGGRESSIVE;
				GCC_WARN_UNUSED_FUNCTION = YES;
				GCC_WARN_UNUSED_VARIABLE = YES;
				IPHONEOS_DEPLOYMENT_TARGET = 16.4;
				MTL_ENABLE_DEBUG_INFO = INCLUDE_SOURCE;
				MTL_FAST_MATH = YES;
				ONLY_ACTIVE_ARCH = YES;
				SDKROOT = iphoneos;
				SWIFT_ACTIVE_COMPILATION_CONDITIONS = DEBUG;
				SWIFT_OPTIMIZATION_LEVEL = "-Onone";
			};
			name = Debug;
		};
		A25B206A2A49EE3400152584 /* Release */ = {
			isa = XCBuildConfiguration;
			buildSettings = {
				ALWAYS_SEARCH_USER_PATHS = NO;
				CLANG_ANALYZER_NONNULL = YES;
				CLANG_ANALYZER_NUMBER_OBJECT_CONVERSION = YES_AGGRESSIVE;
				CLANG_CXX_LANGUAGE_STANDARD = "gnu++20";
				CLANG_ENABLE_MODULES = YES;
				CLANG_ENABLE_OBJC_ARC = YES;
				CLANG_ENABLE_OBJC_WEAK = YES;
				CLANG_WARN_BLOCK_CAPTURE_AUTORELEASING = YES;
				CLANG_WARN_BOOL_CONVERSION = YES;
				CLANG_WARN_COMMA = YES;
				CLANG_WARN_CONSTANT_CONVERSION = YES;
				CLANG_WARN_DEPRECATED_OBJC_IMPLEMENTATIONS = YES;
				CLANG_WARN_DIRECT_OBJC_ISA_USAGE = YES_ERROR;
				CLANG_WARN_DOCUMENTATION_COMMENTS = YES;
				CLANG_WARN_EMPTY_BODY = YES;
				CLANG_WARN_ENUM_CONVERSION = YES;
				CLANG_WARN_INFINITE_RECURSION = YES;
				CLANG_WARN_INT_CONVERSION = YES;
				CLANG_WARN_NON_LITERAL_NULL_CONVERSION = YES;
				CLANG_WARN_OBJC_IMPLICIT_RETAIN_SELF = YES;
				CLANG_WARN_OBJC_LITERAL_CONVERSION = YES;
				CLANG_WARN_OBJC_ROOT_CLASS = YES_ERROR;
				CLANG_WARN_QUOTED_INCLUDE_IN_FRAMEWORK_HEADER = YES;
				CLANG_WARN_RANGE_LOOP_ANALYSIS = YES;
				CLANG_WARN_STRICT_PROTOTYPES = YES;
				CLANG_WARN_SUSPICIOUS_MOVE = YES;
				CLANG_WARN_UNGUARDED_AVAILABILITY = YES_AGGRESSIVE;
				CLANG_WARN_UNREACHABLE_CODE = YES;
				CLANG_WARN__DUPLICATE_METHOD_MATCH = YES;
				COPY_PHASE_STRIP = NO;
				DEBUG_INFORMATION_FORMAT = "dwarf-with-dsym";
				ENABLE_NS_ASSERTIONS = NO;
				ENABLE_STRICT_OBJC_MSGSEND = YES;
				GCC_C_LANGUAGE_STANDARD = gnu11;
				GCC_NO_COMMON_BLOCKS = YES;
				GCC_WARN_64_TO_32_BIT_CONVERSION = YES;
				GCC_WARN_ABOUT_RETURN_TYPE = YES_ERROR;
				GCC_WARN_UNDECLARED_SELECTOR = YES;
				GCC_WARN_UNINITIALIZED_AUTOS = YES_AGGRESSIVE;
				GCC_WARN_UNUSED_FUNCTION = YES;
				GCC_WARN_UNUSED_VARIABLE = YES;
				IPHONEOS_DEPLOYMENT_TARGET = 16.4;
				MTL_ENABLE_DEBUG_INFO = NO;
				MTL_FAST_MATH = YES;
				SDKROOT = iphoneos;
				SWIFT_COMPILATION_MODE = wholemodule;
				SWIFT_OPTIMIZATION_LEVEL = "-O";
				VALIDATE_PRODUCT = YES;
			};
			name = Release;
		};
		A25B206C2A49EE3400152584 /* Debug */ = {
			isa = XCBuildConfiguration;
			buildSettings = {
				ASSETCATALOG_COMPILER_APPICON_NAME = AppIcon;
				ASSETCATALOG_COMPILER_GLOBAL_ACCENT_COLOR_NAME = AccentColor;
				CODE_SIGN_STYLE = Automatic;
				CURRENT_PROJECT_VERSION = 1;
				GENERATE_INFOPLIST_FILE = YES;
				INFOPLIST_FILE = CurrencyConverter/Info.plist;
				INFOPLIST_KEY_UIApplicationSupportsIndirectInputEvents = YES;
				INFOPLIST_KEY_UILaunchStoryboardName = LaunchScreen;
				INFOPLIST_KEY_UIMainStoryboardFile = "";
				INFOPLIST_KEY_UISupportedInterfaceOrientations_iPad = "UIInterfaceOrientationPortrait UIInterfaceOrientationPortraitUpsideDown UIInterfaceOrientationLandscapeLeft UIInterfaceOrientationLandscapeRight";
				INFOPLIST_KEY_UISupportedInterfaceOrientations_iPhone = "UIInterfaceOrientationPortrait UIInterfaceOrientationLandscapeLeft UIInterfaceOrientationLandscapeRight";
				LD_RUNPATH_SEARCH_PATHS = (
					"$(inherited)",
					"@executable_path/Frameworks",
				);
				MARKETING_VERSION = 1.0;
				PRODUCT_BUNDLE_IDENTIFIER = com.saba.dev.CurrencyConverter;
				PRODUCT_NAME = "$(TARGET_NAME)";
				SWIFT_EMIT_LOC_STRINGS = YES;
				SWIFT_VERSION = 5.0;
				TARGETED_DEVICE_FAMILY = "1,2";
			};
			name = Debug;
		};
		A25B206D2A49EE3400152584 /* Release */ = {
			isa = XCBuildConfiguration;
			buildSettings = {
				ASSETCATALOG_COMPILER_APPICON_NAME = AppIcon;
				ASSETCATALOG_COMPILER_GLOBAL_ACCENT_COLOR_NAME = AccentColor;
				CODE_SIGN_STYLE = Automatic;
				CURRENT_PROJECT_VERSION = 1;
				GENERATE_INFOPLIST_FILE = YES;
				INFOPLIST_FILE = CurrencyConverter/Info.plist;
				INFOPLIST_KEY_UIApplicationSupportsIndirectInputEvents = YES;
				INFOPLIST_KEY_UILaunchStoryboardName = LaunchScreen;
				INFOPLIST_KEY_UIMainStoryboardFile = "";
				INFOPLIST_KEY_UISupportedInterfaceOrientations_iPad = "UIInterfaceOrientationPortrait UIInterfaceOrientationPortraitUpsideDown UIInterfaceOrientationLandscapeLeft UIInterfaceOrientationLandscapeRight";
				INFOPLIST_KEY_UISupportedInterfaceOrientations_iPhone = "UIInterfaceOrientationPortrait UIInterfaceOrientationLandscapeLeft UIInterfaceOrientationLandscapeRight";
				LD_RUNPATH_SEARCH_PATHS = (
					"$(inherited)",
					"@executable_path/Frameworks",
				);
				MARKETING_VERSION = 1.0;
				PRODUCT_BUNDLE_IDENTIFIER = com.saba.dev.CurrencyConverter;
				PRODUCT_NAME = "$(TARGET_NAME)";
				SWIFT_EMIT_LOC_STRINGS = YES;
				SWIFT_VERSION = 5.0;
				TARGETED_DEVICE_FAMILY = "1,2";
			};
			name = Release;
		};
		A25B206F2A49EE3400152584 /* Debug */ = {
			isa = XCBuildConfiguration;
			buildSettings = {
				ALWAYS_EMBED_SWIFT_STANDARD_LIBRARIES = YES;
				BUNDLE_LOADER = "$(TEST_HOST)";
				CODE_SIGN_STYLE = Automatic;
				CURRENT_PROJECT_VERSION = 1;
				GENERATE_INFOPLIST_FILE = YES;
				IPHONEOS_DEPLOYMENT_TARGET = 16.4;
				MARKETING_VERSION = 1.0;
				PRODUCT_BUNDLE_IDENTIFIER = com.saba.dev.CurrencyConverterTests;
				PRODUCT_NAME = "$(TARGET_NAME)";
				SWIFT_EMIT_LOC_STRINGS = NO;
				SWIFT_VERSION = 5.0;
				TARGETED_DEVICE_FAMILY = "1,2";
				TEST_HOST = "$(BUILT_PRODUCTS_DIR)/CurrencyConverter.app/$(BUNDLE_EXECUTABLE_FOLDER_PATH)/CurrencyConverter";
			};
			name = Debug;
		};
		A25B20702A49EE3400152584 /* Release */ = {
			isa = XCBuildConfiguration;
			buildSettings = {
				ALWAYS_EMBED_SWIFT_STANDARD_LIBRARIES = YES;
				BUNDLE_LOADER = "$(TEST_HOST)";
				CODE_SIGN_STYLE = Automatic;
				CURRENT_PROJECT_VERSION = 1;
				GENERATE_INFOPLIST_FILE = YES;
				IPHONEOS_DEPLOYMENT_TARGET = 16.4;
				MARKETING_VERSION = 1.0;
				PRODUCT_BUNDLE_IDENTIFIER = com.saba.dev.CurrencyConverterTests;
				PRODUCT_NAME = "$(TARGET_NAME)";
				SWIFT_EMIT_LOC_STRINGS = NO;
				SWIFT_VERSION = 5.0;
				TARGETED_DEVICE_FAMILY = "1,2";
				TEST_HOST = "$(BUILT_PRODUCTS_DIR)/CurrencyConverter.app/$(BUNDLE_EXECUTABLE_FOLDER_PATH)/CurrencyConverter";
			};
			name = Release;
		};
		A25B20722A49EE3400152584 /* Debug */ = {
			isa = XCBuildConfiguration;
			buildSettings = {
				ALWAYS_EMBED_SWIFT_STANDARD_LIBRARIES = YES;
				CODE_SIGN_STYLE = Automatic;
				CURRENT_PROJECT_VERSION = 1;
				GENERATE_INFOPLIST_FILE = YES;
				MARKETING_VERSION = 1.0;
				PRODUCT_BUNDLE_IDENTIFIER = com.saba.dev.CurrencyConverterUITests;
				PRODUCT_NAME = "$(TARGET_NAME)";
				SWIFT_EMIT_LOC_STRINGS = NO;
				SWIFT_VERSION = 5.0;
				TARGETED_DEVICE_FAMILY = "1,2";
				TEST_TARGET_NAME = CurrencyConverter;
			};
			name = Debug;
		};
		A25B20732A49EE3400152584 /* Release */ = {
			isa = XCBuildConfiguration;
			buildSettings = {
				ALWAYS_EMBED_SWIFT_STANDARD_LIBRARIES = YES;
				CODE_SIGN_STYLE = Automatic;
				CURRENT_PROJECT_VERSION = 1;
				GENERATE_INFOPLIST_FILE = YES;
				MARKETING_VERSION = 1.0;
				PRODUCT_BUNDLE_IDENTIFIER = com.saba.dev.CurrencyConverterUITests;
				PRODUCT_NAME = "$(TARGET_NAME)";
				SWIFT_EMIT_LOC_STRINGS = NO;
				SWIFT_VERSION = 5.0;
				TARGETED_DEVICE_FAMILY = "1,2";
				TEST_TARGET_NAME = CurrencyConverter;
			};
			name = Release;
		};
/* End XCBuildConfiguration section */

/* Begin XCConfigurationList section */
		A25B203C2A49EE3200152584 /* Build configuration list for PBXProject "CurrencyConverter" */ = {
			isa = XCConfigurationList;
			buildConfigurations = (
				A25B20692A49EE3400152584 /* Debug */,
				A25B206A2A49EE3400152584 /* Release */,
			);
			defaultConfigurationIsVisible = 0;
			defaultConfigurationName = Release;
		};
		A25B206B2A49EE3400152584 /* Build configuration list for PBXNativeTarget "CurrencyConverter" */ = {
			isa = XCConfigurationList;
			buildConfigurations = (
				A25B206C2A49EE3400152584 /* Debug */,
				A25B206D2A49EE3400152584 /* Release */,
			);
			defaultConfigurationIsVisible = 0;
			defaultConfigurationName = Release;
		};
		A25B206E2A49EE3400152584 /* Build configuration list for PBXNativeTarget "CurrencyConverterTests" */ = {
			isa = XCConfigurationList;
			buildConfigurations = (
				A25B206F2A49EE3400152584 /* Debug */,
				A25B20702A49EE3400152584 /* Release */,
			);
			defaultConfigurationIsVisible = 0;
			defaultConfigurationName = Release;
		};
		A25B20712A49EE3400152584 /* Build configuration list for PBXNativeTarget "CurrencyConverterUITests" */ = {
			isa = XCConfigurationList;
			buildConfigurations = (
				A25B20722A49EE3400152584 /* Debug */,
				A25B20732A49EE3400152584 /* Release */,
			);
			defaultConfigurationIsVisible = 0;
			defaultConfigurationName = Release;
		};
/* End XCConfigurationList section */

/* Begin XCRemoteSwiftPackageReference section */
		A2168D302A893AAB00F59F40 /* XCRemoteSwiftPackageReference "swift-composable-architecture" */ = {
			isa = XCRemoteSwiftPackageReference;
			repositoryURL = "https://github.com/pointfreeco/swift-composable-architecture";
			requirement = {
				kind = upToNextMajorVersion;
				minimumVersion = 1.0.0;
			};
		};
/* End XCRemoteSwiftPackageReference section */

/* Begin XCSwiftPackageProductDependency section */
		A2168D312A893AAB00F59F40 /* ComposableArchitecture */ = {
			isa = XCSwiftPackageProductDependency;
			package = A2168D302A893AAB00F59F40 /* XCRemoteSwiftPackageReference "swift-composable-architecture" */;
			productName = ComposableArchitecture;
		};
/* End XCSwiftPackageProductDependency section */
	};
	rootObject = A25B20392A49EE3200152584 /* Project object */;
}
